
Microsoft Visual Studio Solution File, Format Version 12.00
# Visual Studio 2012
Project("{8BC9CEB8-8B4A-11D0-8D11-00A0C91BC942}") = "CryptographyAssignment3", "CryptographyAssignment3\CryptographyAssignment3.vcxproj", "{E8B6DB4C-F351-4EED-B00B-75F1C9D56ECE}"
EndProject
Global
	GlobalSection(SolutionConfigurationPlatforms) = preSolution
		Debug|Win32 = Debug|Win32
		Release|Win32 = Release|Win32
	EndGlobalSection
	GlobalSection(ProjectConfigurationPlatforms) = postSolution
		{E8B6DB4C-F351-4EED-B00B-75F1C9D56ECE}.Debug|Win32.ActiveCfg = Debug|Win32
		{E8B6DB4C-F351-4EED-B00B-75F1C9D56ECE}.Debug|Win32.Build.0 = Debug|Win32
		{E8B6DB4C-F351-4EED-B00B-75F1C9D56ECE}.Release|Win32.ActiveCfg = Release|Win32
		{E8B6DB4C-F351-4EED-B00B-75F1C9D56ECE}.Release|Win32.Build.0 = Release|Win32
	EndGlobalSection
	GlobalSection(SolutionProperties) = preSolution
		HideSolutionNode = FALSE
	EndGlobalSection
EndGlobal
